// !$*UTF8*$!
{
	archiveVersion = 1;
	classes = {
	};
	objectVersion = 46;
	objects = {

/* Begin PBXBuildFile section */
		745B74771FD092C400AD412C /* AppDelegate.swift in Sources */ = {isa = PBXBuildFile; fileRef = 745B74761FD092C400AD412C /* AppDelegate.swift */; };
		745B74791FD092C400AD412C /* ViewController.swift in Sources */ = {isa = PBXBuildFile; fileRef = 745B74781FD092C400AD412C /* ViewController.swift */; };
		745B747C1FD092C400AD412C /* Main.storyboard in Resources */ = {isa = PBXBuildFile; fileRef = 745B747A1FD092C400AD412C /* Main.storyboard */; };
		745B747E1FD092C400AD412C /* Assets.xcassets in Resources */ = {isa = PBXBuildFile; fileRef = 745B747D1FD092C400AD412C /* Assets.xcassets */; };
		745B74811FD092C400AD412C /* LaunchScreen.storyboard in Resources */ = {isa = PBXBuildFile; fileRef = 745B747F1FD092C400AD412C /* LaunchScreen.storyboard */; };
		745B748C1FD092C500AD412C /* Swift_AlamofireTests.swift in Sources */ = {isa = PBXBuildFile; fileRef = 745B748B1FD092C500AD412C /* Swift_AlamofireTests.swift */; };
		745B74971FD092C500AD412C /* Swift_AlamofireUITests.swift in Sources */ = {isa = PBXBuildFile; fileRef = 745B74961FD092C500AD412C /* Swift_AlamofireUITests.swift */; };
		745B74A61FD092ED00AD412C /* APIClient.swift in Sources */ = {isa = PBXBuildFile; fileRef = 745B74A51FD092ED00AD412C /* APIClient.swift */; };
		745B74A91FD0931F00AD412C /* JSONDecodable.swift in Sources */ = {isa = PBXBuildFile; fileRef = 745B74A81FD0931F00AD412C /* JSONDecodable.swift */; };
		745B74AB1FD0933000AD412C /* Resource.swift in Sources */ = {isa = PBXBuildFile; fileRef = 745B74AA1FD0933000AD412C /* Resource.swift */; };
		745B74AE1FD0935700AD412C /* Country.swift in Sources */ = {isa = PBXBuildFile; fileRef = 745B74AD1FD0935700AD412C /* Country.swift */; };
		745B74B01FD0937200AD412C /* CountriesAPI.swift in Sources */ = {isa = PBXBuildFile; fileRef = 745B74AF1FD0937200AD412C /* CountriesAPI.swift */; };
		DFF5A3E5CCE7B160E7693F52 /* Pods_Swift_Alamofire.framework in Frameworks */ = {isa = PBXBuildFile; fileRef = 2E18D7B6C4CDB382D9AF984E /* Pods_Swift_Alamofire.framework */; };
/* End PBXBuildFile section */

/* Begin PBXContainerItemProxy section */
		745B74881FD092C500AD412C /* PBXContainerItemProxy */ = {
			isa = PBXContainerItemProxy;
			containerPortal = 745B746B1FD092C400AD412C /* Project object */;
			proxyType = 1;
			remoteGlobalIDString = 745B74721FD092C400AD412C;
			remoteInfo = "Swift+Alamofire";
		};
		745B74931FD092C500AD412C /* PBXContainerItemProxy */ = {
			isa = PBXContainerItemProxy;
			containerPortal = 745B746B1FD092C400AD412C /* Project object */;
			proxyType = 1;
			remoteGlobalIDString = 745B74721FD092C400AD412C;
			remoteInfo = "Swift+Alamofire";
		};
/* End PBXContainerItemProxy section */

/* Begin PBXFileReference section */
		1B1ADFDB2BFAD1DEA57ED0AE /* Pods-Swift+Alamofire.debug.xcconfig */ = {isa = PBXFileReference; includeInIndex = 1; lastKnownFileType = text.xcconfig; name = "Pods-Swift+Alamofire.debug.xcconfig"; path = "Pods/Target Support Files/Pods-Swift+Alamofire/Pods-Swift+Alamofire.debug.xcconfig"; sourceTree = "<group>"; };
		2E18D7B6C4CDB382D9AF984E /* Pods_Swift_Alamofire.framework */ = {isa = PBXFileReference; explicitFileType = wrapper.framework; includeInIndex = 0; path = Pods_Swift_Alamofire.framework; sourceTree = BUILT_PRODUCTS_DIR; };
		4F921E76563E41DBE7F813BF /* Pods-Swift+Alamofire.release.xcconfig */ = {isa = PBXFileReference; includeInIndex = 1; lastKnownFileType = text.xcconfig; name = "Pods-Swift+Alamofire.release.xcconfig"; path = "Pods/Target Support Files/Pods-Swift+Alamofire/Pods-Swift+Alamofire.release.xcconfig"; sourceTree = "<group>"; };
		745B74731FD092C400AD412C /* Swift+Alamofire.app */ = {isa = PBXFileReference; explicitFileType = wrapper.application; includeInIndex = 0; path = "Swift+Alamofire.app"; sourceTree = BUILT_PRODUCTS_DIR; };
		745B74761FD092C400AD412C /* AppDelegate.swift */ = {isa = PBXFileReference; lastKnownFileType = sourcecode.swift; path = AppDelegate.swift; sourceTree = "<group>"; };
		745B74781FD092C400AD412C /* ViewController.swift */ = {isa = PBXFileReference; lastKnownFileType = sourcecode.swift; path = ViewController.swift; sourceTree = "<group>"; };
		745B747B1FD092C400AD412C /* Base */ = {isa = PBXFileReference; lastKnownFileType = file.storyboard; name = Base; path = Base.lproj/Main.storyboard; sourceTree = "<group>"; };
		745B747D1FD092C400AD412C /* Assets.xcassets */ = {isa = PBXFileReference; lastKnownFileType = folder.assetcatalog; path = Assets.xcassets; sourceTree = "<group>"; };
		745B74801FD092C400AD412C /* Base */ = {isa = PBXFileReference; lastKnownFileType = file.storyboard; name = Base; path = Base.lproj/LaunchScreen.storyboard; sourceTree = "<group>"; };
		745B74821FD092C500AD412C /* Info.plist */ = {isa = PBXFileReference; lastKnownFileType = text.plist.xml; path = Info.plist; sourceTree = "<group>"; };
		745B74871FD092C500AD412C /* Swift+AlamofireTests.xctest */ = {isa = PBXFileReference; explicitFileType = wrapper.cfbundle; includeInIndex = 0; path = "Swift+AlamofireTests.xctest"; sourceTree = BUILT_PRODUCTS_DIR; };
		745B748B1FD092C500AD412C /* Swift_AlamofireTests.swift */ = {isa = PBXFileReference; lastKnownFileType = sourcecode.swift; path = Swift_AlamofireTests.swift; sourceTree = "<group>"; };
		745B748D1FD092C500AD412C /* Info.plist */ = {isa = PBXFileReference; lastKnownFileType = text.plist.xml; path = Info.plist; sourceTree = "<group>"; };
		745B74921FD092C500AD412C /* Swift+AlamofireUITests.xctest */ = {isa = PBXFileReference; explicitFileType = wrapper.cfbundle; includeInIndex = 0; path = "Swift+AlamofireUITests.xctest"; sourceTree = BUILT_PRODUCTS_DIR; };
		745B74961FD092C500AD412C /* Swift_AlamofireUITests.swift */ = {isa = PBXFileReference; lastKnownFileType = sourcecode.swift; path = Swift_AlamofireUITests.swift; sourceTree = "<group>"; };
		745B74981FD092C500AD412C /* Info.plist */ = {isa = PBXFileReference; lastKnownFileType = text.plist.xml; path = Info.plist; sourceTree = "<group>"; };
		745B74A51FD092ED00AD412C /* APIClient.swift */ = {isa = PBXFileReference; fileEncoding = 4; lastKnownFileType = sourcecode.swift; path = APIClient.swift; sourceTree = "<group>"; };
		745B74A81FD0931F00AD412C /* JSONDecodable.swift */ = {isa = PBXFileReference; fileEncoding = 4; lastKnownFileType = sourcecode.swift; path = JSONDecodable.swift; sourceTree = "<group>"; };
		745B74AA1FD0933000AD412C /* Resource.swift */ = {isa = PBXFileReference; fileEncoding = 4; lastKnownFileType = sourcecode.swift; path = Resource.swift; sourceTree = "<group>"; };
		745B74AD1FD0935700AD412C /* Country.swift */ = {isa = PBXFileReference; fileEncoding = 4; lastKnownFileType = sourcecode.swift; path = Country.swift; sourceTree = "<group>"; };
		745B74AF1FD0937200AD412C /* CountriesAPI.swift */ = {isa = PBXFileReference; fileEncoding = 4; lastKnownFileType = sourcecode.swift; path = CountriesAPI.swift; sourceTree = "<group>"; };
/* End PBXFileReference section */

/* Begin PBXFrameworksBuildPhase section */
		745B74701FD092C400AD412C /* Frameworks */ = {
			isa = PBXFrameworksBuildPhase;
			buildActionMask = 2147483647;
			files = (
				DFF5A3E5CCE7B160E7693F52 /* Pods_Swift_Alamofire.framework in Frameworks */,
			);
			runOnlyForDeploymentPostprocessing = 0;
		};
		745B74841FD092C500AD412C /* Frameworks */ = {
			isa = PBXFrameworksBuildPhase;
			buildActionMask = 2147483647;
			files = (
			);
			runOnlyForDeploymentPostprocessing = 0;
		};
		745B748F1FD092C500AD412C /* Frameworks */ = {
			isa = PBXFrameworksBuildPhase;
			buildActionMask = 2147483647;
			files = (
			);
			runOnlyForDeploymentPostprocessing = 0;
		};
/* End PBXFrameworksBuildPhase section */

/* Begin PBXGroup section */
		6F50CD33C61F5C2D1B11C8BF /* Frameworks */ = {
			isa = PBXGroup;
			children = (
				2E18D7B6C4CDB382D9AF984E /* Pods_Swift_Alamofire.framework */,
			);
			name = Frameworks;
			sourceTree = "<group>";
		};
		745B746A1FD092C400AD412C = {
			isa = PBXGroup;
			children = (
				745B74751FD092C400AD412C /* Swift+Alamofire */,
				745B748A1FD092C500AD412C /* Swift+AlamofireTests */,
				745B74951FD092C500AD412C /* Swift+AlamofireUITests */,
				745B74741FD092C400AD412C /* Products */,
				F3E1DB2199EC1D53CD2B43D8 /* Pods */,
				6F50CD33C61F5C2D1B11C8BF /* Frameworks */,
			);
			sourceTree = "<group>";
		};
		745B74741FD092C400AD412C /* Products */ = {
			isa = PBXGroup;
			children = (
				745B74731FD092C400AD412C /* Swift+Alamofire.app */,
				745B74871FD092C500AD412C /* Swift+AlamofireTests.xctest */,
				745B74921FD092C500AD412C /* Swift+AlamofireUITests.xctest */,
			);
			name = Products;
			sourceTree = "<group>";
		};
		745B74751FD092C400AD412C /* Swift+Alamofire */ = {
			isa = PBXGroup;
			children = (
				745B74B11FD093AB00AD412C /* UI */,
				745B74AC1FD0934E00AD412C /* Model */,
				745B74A41FD092E100AD412C /* API */,
				745B747A1FD092C400AD412C /* Main.storyboard */,
				745B747D1FD092C400AD412C /* Assets.xcassets */,
				745B747F1FD092C400AD412C /* LaunchScreen.storyboard */,
				745B74821FD092C500AD412C /* Info.plist */,
			);
			path = "Swift+Alamofire";
			sourceTree = "<group>";
		};
		745B748A1FD092C500AD412C /* Swift+AlamofireTests */ = {
			isa = PBXGroup;
			children = (
				745B748B1FD092C500AD412C /* Swift_AlamofireTests.swift */,
				745B748D1FD092C500AD412C /* Info.plist */,
			);
			path = "Swift+AlamofireTests";
			sourceTree = "<group>";
		};
		745B74951FD092C500AD412C /* Swift+AlamofireUITests */ = {
			isa = PBXGroup;
			children = (
				745B74961FD092C500AD412C /* Swift_AlamofireUITests.swift */,
				745B74981FD092C500AD412C /* Info.plist */,
			);
			path = "Swift+AlamofireUITests";
			sourceTree = "<group>";
		};
		745B74A41FD092E100AD412C /* API */ = {
			isa = PBXGroup;
			children = (
				745B74A71FD0930800AD412C /* Core */,
				745B74AF1FD0937200AD412C /* CountriesAPI.swift */,
			);
			name = API;
			sourceTree = "<group>";
		};
		745B74A71FD0930800AD412C /* Core */ = {
			isa = PBXGroup;
			children = (
				745B74A51FD092ED00AD412C /* APIClient.swift */,
				745B74A81FD0931F00AD412C /* JSONDecodable.swift */,
				745B74AA1FD0933000AD412C /* Resource.swift */,
			);
			name = Core;
			sourceTree = "<group>";
		};
		745B74AC1FD0934E00AD412C /* Model */ = {
			isa = PBXGroup;
			children = (
				745B74AD1FD0935700AD412C /* Country.swift */,
			);
			name = Model;
			sourceTree = "<group>";
		};
		745B74B11FD093AB00AD412C /* UI */ = {
			isa = PBXGroup;
			children = (
				745B74761FD092C400AD412C /* AppDelegate.swift */,
				745B74781FD092C400AD412C /* ViewController.swift */,
			);
			name = UI;
			sourceTree = "<group>";
		};
		F3E1DB2199EC1D53CD2B43D8 /* Pods */ = {
			isa = PBXGroup;
			children = (
				1B1ADFDB2BFAD1DEA57ED0AE /* Pods-Swift+Alamofire.debug.xcconfig */,
				4F921E76563E41DBE7F813BF /* Pods-Swift+Alamofire.release.xcconfig */,
			);
			name = Pods;
			sourceTree = "<group>";
		};
/* End PBXGroup section */

/* Begin PBXNativeTarget section */
		745B74721FD092C400AD412C /* Swift+Alamofire */ = {
			isa = PBXNativeTarget;
			buildConfigurationList = 745B749B1FD092C500AD412C /* Build configuration list for PBXNativeTarget "Swift+Alamofire" */;
			buildPhases = (
				8349F1D57DBA180CF23B6BA0 /* [CP] Check Pods Manifest.lock */,
				745B746F1FD092C400AD412C /* Sources */,
				745B74701FD092C400AD412C /* Frameworks */,
				745B74711FD092C400AD412C /* Resources */,
				1247C8B38D9F70C0760A1066 /* [CP] Embed Pods Frameworks */,
				6CECAE86EA0FD997DA7B23BC /* [CP] Copy Pods Resources */,
			);
			buildRules = (
			);
			dependencies = (
			);
			name = "Swift+Alamofire";
			productName = "Swift+Alamofire";
			productReference = 745B74731FD092C400AD412C /* Swift+Alamofire.app */;
			productType = "com.apple.product-type.application";
		};
		745B74861FD092C500AD412C /* Swift+AlamofireTests */ = {
			isa = PBXNativeTarget;
			buildConfigurationList = 745B749E1FD092C500AD412C /* Build configuration list for PBXNativeTarget "Swift+AlamofireTests" */;
			buildPhases = (
				745B74831FD092C500AD412C /* Sources */,
				745B74841FD092C500AD412C /* Frameworks */,
				745B74851FD092C500AD412C /* Resources */,
			);
			buildRules = (
			);
			dependencies = (
				745B74891FD092C500AD412C /* PBXTargetDependency */,
			);
			name = "Swift+AlamofireTests";
			productName = "Swift+AlamofireTests";
			productReference = 745B74871FD092C500AD412C /* Swift+AlamofireTests.xctest */;
			productType = "com.apple.product-type.bundle.unit-test";
		};
		745B74911FD092C500AD412C /* Swift+AlamofireUITests */ = {
			isa = PBXNativeTarget;
			buildConfigurationList = 745B74A11FD092C500AD412C /* Build configuration list for PBXNativeTarget "Swift+AlamofireUITests" */;
			buildPhases = (
				745B748E1FD092C500AD412C /* Sources */,
				745B748F1FD092C500AD412C /* Frameworks */,
				745B74901FD092C500AD412C /* Resources */,
			);
			buildRules = (
			);
			dependencies = (
				745B74941FD092C500AD412C /* PBXTargetDependency */,
			);
			name = "Swift+AlamofireUITests";
			productName = "Swift+AlamofireUITests";
			productReference = 745B74921FD092C500AD412C /* Swift+AlamofireUITests.xctest */;
			productType = "com.apple.product-type.bundle.ui-testing";
		};
/* End PBXNativeTarget section */

/* Begin PBXProject section */
		745B746B1FD092C400AD412C /* Project object */ = {
			isa = PBXProject;
			attributes = {
				LastSwiftUpdateCheck = 0830;
				LastUpgradeCheck = 0830;
				ORGANIZATIONNAME = "Caio Sanchez Christino";
				TargetAttributes = {
					745B74721FD092C400AD412C = {
						CreatedOnToolsVersion = 8.3.3;
						ProvisioningStyle = Automatic;
					};
					745B74861FD092C500AD412C = {
						CreatedOnToolsVersion = 8.3.3;
						ProvisioningStyle = Automatic;
						TestTargetID = 745B74721FD092C400AD412C;
					};
					745B74911FD092C500AD412C = {
						CreatedOnToolsVersion = 8.3.3;
						ProvisioningStyle = Automatic;
						TestTargetID = 745B74721FD092C400AD412C;
					};
				};
			};
			buildConfigurationList = 745B746E1FD092C400AD412C /* Build configuration list for PBXProject "Swift+Alamofire" */;
			compatibilityVersion = "Xcode 3.2";
			developmentRegion = English;
			hasScannedForEncodings = 0;
			knownRegions = (
				en,
				Base,
			);
			mainGroup = 745B746A1FD092C400AD412C;
			productRefGroup = 745B74741FD092C400AD412C /* Products */;
			projectDirPath = "";
			projectRoot = "";
			targets = (
				745B74721FD092C400AD412C /* Swift+Alamofire */,
				745B74861FD092C500AD412C /* Swift+AlamofireTests */,
				745B74911FD092C500AD412C /* Swift+AlamofireUITests */,
			);
		};
/* End PBXProject section */

/* Begin PBXResourcesBuildPhase section */
		745B74711FD092C400AD412C /* Resources */ = {
			isa = PBXResourcesBuildPhase;
			buildActionMask = 2147483647;
			files = (
				745B74811FD092C400AD412C /* LaunchScreen.storyboard in Resources */,
				745B747E1FD092C400AD412C /* Assets.xcassets in Resources */,
				745B747C1FD092C400AD412C /* Main.storyboard in Resources */,
			);
			runOnlyForDeploymentPostprocessing = 0;
		};
		745B74851FD092C500AD412C /* Resources */ = {
			isa = PBXResourcesBuildPhase;
			buildActionMask = 2147483647;
			files = (
			);
			runOnlyForDeploymentPostprocessing = 0;
		};
		745B74901FD092C500AD412C /* Resources */ = {
			isa = PBXResourcesBuildPhase;
			buildActionMask = 2147483647;
			files = (
			);
			runOnlyForDeploymentPostprocessing = 0;
		};
/* End PBXResourcesBuildPhase section */

/* Begin PBXShellScriptBuildPhase section */
		1247C8B38D9F70C0760A1066 /* [CP] Embed Pods Frameworks */ = {
			isa = PBXShellScriptBuildPhase;
			buildActionMask = 2147483647;
			files = (
			);
			inputPaths = (
				"${SRCROOT}/Pods/Target Support Files/Pods-Swift+Alamofire/Pods-Swift+Alamofire-frameworks.sh",
				"${BUILT_PRODUCTS_DIR}/Alamofire/Alamofire.framework",
				"${BUILT_PRODUCTS_DIR}/RxCocoa/RxCocoa.framework",
				"${BUILT_PRODUCTS_DIR}/RxSwift/RxSwift.framework",
				"${BUILT_PRODUCTS_DIR}/SWXMLHash/SWXMLHash.framework",
				"${BUILT_PRODUCTS_DIR}/SwiftyJSON/SwiftyJSON.framework",
			);
			name = "[CP] Embed Pods Frameworks";
			outputPaths = (
				"${TARGET_BUILD_DIR}/${FRAMEWORKS_FOLDER_PATH}/Alamofire.framework",
				"${TARGET_BUILD_DIR}/${FRAMEWORKS_FOLDER_PATH}/RxCocoa.framework",
				"${TARGET_BUILD_DIR}/${FRAMEWORKS_FOLDER_PATH}/RxSwift.framework",
				"${TARGET_BUILD_DIR}/${FRAMEWORKS_FOLDER_PATH}/SWXMLHash.framework",
				"${TARGET_BUILD_DIR}/${FRAMEWORKS_FOLDER_PATH}/SwiftyJSON.framework",
			);
			runOnlyForDeploymentPostprocessing = 0;
			shellPath = /bin/sh;
			shellScript = "\"${SRCROOT}/Pods/Target Support Files/Pods-Swift+Alamofire/Pods-Swift+Alamofire-frameworks.sh\"\n";
			showEnvVarsInLog = 0;
		};
		6CECAE86EA0FD997DA7B23BC /* [CP] Copy Pods Resources */ = {
			isa = PBXShellScriptBuildPhase;
			buildActionMask = 2147483647;
			files = (
			);
			inputPaths = (
			);
			name = "[CP] Copy Pods Resources";
			outputPaths = (
			);
			runOnlyForDeploymentPostprocessing = 0;
			shellPath = /bin/sh;
			shellScript = "\"${SRCROOT}/Pods/Target Support Files/Pods-Swift+Alamofire/Pods-Swift+Alamofire-resources.sh\"\n";
			showEnvVarsInLog = 0;
		};
		8349F1D57DBA180CF23B6BA0 /* [CP] Check Pods Manifest.lock */ = {
			isa = PBXShellScriptBuildPhase;
			buildActionMask = 2147483647;
			files = (
			);
			inputPaths = (
				"${PODS_PODFILE_DIR_PATH}/Podfile.lock",
				"${PODS_ROOT}/Manifest.lock",
			);
			name = "[CP] Check Pods Manifest.lock";
			outputPaths = (
				"$(DERIVED_FILE_DIR)/Pods-Swift+Alamofire-checkManifestLockResult.txt",
			);
			runOnlyForDeploymentPostprocessing = 0;
			shellPath = /bin/sh;
			shellScript = "diff \"${PODS_PODFILE_DIR_PATH}/Podfile.lock\" \"${PODS_ROOT}/Manifest.lock\" > /dev/null\nif [ $? != 0 ] ; then\n    # print error to STDERR\n    echo \"error: The sandbox is not in sync with the Podfile.lock. Run 'pod install' or update your CocoaPods installation.\" >&2\n    exit 1\nfi\n# This output is used by Xcode 'outputs' to avoid re-running this script phase.\necho \"SUCCESS\" > \"${SCRIPT_OUTPUT_FILE_0}\"\n";
			showEnvVarsInLog = 0;
		};
/* End PBXShellScriptBuildPhase section */

/* Begin PBXSourcesBuildPhase section */
		745B746F1FD092C400AD412C /* Sources */ = {
			isa = PBXSourcesBuildPhase;
			buildActionMask = 2147483647;
			files = (
				745B74791FD092C400AD412C /* ViewController.swift in Sources */,
				745B74771FD092C400AD412C /* AppDelegate.swift in Sources */,
				745B74A61FD092ED00AD412C /* APIClient.swift in Sources */,
				745B74AB1FD0933000AD412C /* Resource.swift in Sources */,
				745B74AE1FD0935700AD412C /* Country.swift in Sources */,
				745B74B01FD0937200AD412C /* CountriesAPI.swift in Sources */,
				745B74A91FD0931F00AD412C /* JSONDecodable.swift in Sources */,
			);
			runOnlyForDeploymentPostprocessing = 0;
		};
		745B74831FD092C500AD412C /* Sources */ = {
			isa = PBXSourcesBuildPhase;
			buildActionMask = 2147483647;
			files = (
				745B748C1FD092C500AD412C /* Swift_AlamofireTests.swift in Sources */,
			);
			runOnlyForDeploymentPostprocessing = 0;
		};
		745B748E1FD092C500AD412C /* Sources */ = {
			isa = PBXSourcesBuildPhase;
			buildActionMask = 2147483647;
			files = (
				745B74971FD092C500AD412C /* Swift_AlamofireUITests.swift in Sources */,
			);
			runOnlyForDeploymentPostprocessing = 0;
		};
/* End PBXSourcesBuildPhase section */

/* Begin PBXTargetDependency section */
		745B74891FD092C500AD412C /* PBXTargetDependency */ = {
			isa = PBXTargetDependency;
			target = 745B74721FD092C400AD412C /* Swift+Alamofire */;
			targetProxy = 745B74881FD092C500AD412C /* PBXContainerItemProxy */;
		};
		745B74941FD092C500AD412C /* PBXTargetDependency */ = {
			isa = PBXTargetDependency;
			target = 745B74721FD092C400AD412C /* Swift+Alamofire */;
			targetProxy = 745B74931FD092C500AD412C /* PBXContainerItemProxy */;
		};
/* End PBXTargetDependency section */

/* Begin PBXVariantGroup section */
		745B747A1FD092C400AD412C /* Main.storyboard */ = {
			isa = PBXVariantGroup;
			children = (
				745B747B1FD092C400AD412C /* Base */,
			);
			name = Main.storyboard;
			sourceTree = "<group>";
		};
		745B747F1FD092C400AD412C /* LaunchScreen.storyboard */ = {
			isa = PBXVariantGroup;
			children = (
				745B74801FD092C400AD412C /* Base */,
			);
			name = LaunchScreen.storyboard;
			sourceTree = "<group>";
		};
/* End PBXVariantGroup section */

/* Begin XCBuildConfiguration section */
		745B74991FD092C500AD412C /* Debug */ = {
			isa = XCBuildConfiguration;
			buildSettings = {
				ALWAYS_SEARCH_USER_PATHS = NO;
				CLANG_ANALYZER_NONNULL = YES;
				CLANG_ANALYZER_NUMBER_OBJECT_CONVERSION = YES_AGGRESSIVE;
				CLANG_CXX_LANGUAGE_STANDARD = "gnu++0x";
				CLANG_CXX_LIBRARY = "libc++";
				CLANG_ENABLE_MODULES = YES;
				CLANG_ENABLE_OBJC_ARC = YES;
				CLANG_WARN_BOOL_CONVERSION = YES;
				CLANG_WARN_CONSTANT_CONVERSION = YES;
				CLANG_WARN_DIRECT_OBJC_ISA_USAGE = YES_ERROR;
				CLANG_WARN_DOCUMENTATION_COMMENTS = YES;
				CLANG_WARN_EMPTY_BODY = YES;
				CLANG_WARN_ENUM_CONVERSION = YES;
				CLANG_WARN_INFINITE_RECURSION = YES;
				CLANG_WARN_INT_CONVERSION = YES;
				CLANG_WARN_OBJC_ROOT_CLASS = YES_ERROR;
				CLANG_WARN_SUSPICIOUS_MOVE = YES;
				CLANG_WARN_UNREACHABLE_CODE = YES;
				CLANG_WARN__DUPLICATE_METHOD_MATCH = YES;
				"CODE_SIGN_IDENTITY[sdk=iphoneos*]" = "iPhone Developer";
				COPY_PHASE_STRIP = NO;
				DEBUG_INFORMATION_FORMAT = dwarf;
				ENABLE_STRICT_OBJC_MSGSEND = YES;
				ENABLE_TESTABILITY = YES;
				GCC_C_LANGUAGE_STANDARD = gnu99;
				GCC_DYNAMIC_NO_PIC = NO;
				GCC_NO_COMMON_BLOCKS = YES;
				GCC_OPTIMIZATION_LEVEL = 0;
				GCC_PREPROCESSOR_DEFINITIONS = (
					"DEBUG=1",
					"$(inherited)",
				);
				GCC_WARN_64_TO_32_BIT_CONVERSION = YES;
				GCC_WARN_ABOUT_RETURN_TYPE = YES_ERROR;
				GCC_WARN_UNDECLARED_SELECTOR = YES;
				GCC_WARN_UNINITIALIZED_AUTOS = YES_AGGRESSIVE;
				GCC_WARN_UNUSED_FUNCTION = YES;
				GCC_WARN_UNUSED_VARIABLE = YES;
				IPHONEOS_DEPLOYMENT_TARGET = 10.3;
				MTL_ENABLE_DEBUG_INFO = YES;
				ONLY_ACTIVE_ARCH = YES;
				SDKROOT = iphoneos;
				SWIFT_ACTIVE_COMPILATION_CONDITIONS = DEBUG;
				SWIFT_OPTIMIZATION_LEVEL = "-Onone";
				TARGETED_DEVICE_FAMILY = "1,2";
			};
			name = Debug;
		};
		745B749A1FD092C500AD412C /* Release */ = {
			isa = XCBuildConfiguration;
			buildSettings = {
				ALWAYS_SEARCH_USER_PATHS = NO;
				CLANG_ANALYZER_NONNULL = YES;
				CLANG_ANALYZER_NUMBER_OBJECT_CONVERSION = YES_AGGRESSIVE;
				CLANG_CXX_LANGUAGE_STANDARD = "gnu++0x";
				CLANG_CXX_LIBRARY = "libc++";
				CLANG_ENABLE_MODULES = YES;
				CLANG_ENABLE_OBJC_ARC = YES;
				CLANG_WARN_BOOL_CONVERSION = YES;
				CLANG_WARN_CONSTANT_CONVERSION = YES;
				CLANG_WARN_DIRECT_OBJC_ISA_USAGE = YES_ERROR;
				CLANG_WARN_DOCUMENTATION_COMMENTS = YES;
				CLANG_WARN_EMPTY_BODY = YES;
				CLANG_WARN_ENUM_CONVERSION = YES;
				CLANG_WARN_INFINITE_RECURSION = YES;
				CLANG_WARN_INT_CONVERSION = YES;
				CLANG_WARN_OBJC_ROOT_CLASS = YES_ERROR;
				CLANG_WARN_SUSPICIOUS_MOVE = YES;
				CLANG_WARN_UNREACHABLE_CODE = YES;
				CLANG_WARN__DUPLICATE_METHOD_MATCH = YES;
				"CODE_SIGN_IDENTITY[sdk=iphoneos*]" = "iPhone Developer";
				COPY_PHASE_STRIP = NO;
				DEBUG_INFORMATION_FORMAT = "dwarf-with-dsym";
				ENABLE_NS_ASSERTIONS = NO;
				ENABLE_STRICT_OBJC_MSGSEND = YES;
				GCC_C_LANGUAGE_STANDARD = gnu99;
				GCC_NO_COMMON_BLOCKS = YES;
				GCC_WARN_64_TO_32_BIT_CONVERSION = YES;
				GCC_WARN_ABOUT_RETURN_TYPE = YES_ERROR;
				GCC_WARN_UNDECLARED_SELECTOR = YES;
				GCC_WARN_UNINITIALIZED_AUTOS = YES_AGGRESSIVE;
				GCC_WARN_UNUSED_FUNCTION = YES;
				GCC_WARN_UNUSED_VARIABLE = YES;
				IPHONEOS_DEPLOYMENT_TARGET = 10.3;
				MTL_ENABLE_DEBUG_INFO = NO;
				SDKROOT = iphoneos;
				SWIFT_OPTIMIZATION_LEVEL = "-Owholemodule";
				TARGETED_DEVICE_FAMILY = "1,2";
				VALIDATE_PRODUCT = YES;
			};
			name = Release;
		};
		745B749C1FD092C500AD412C /* Debug */ = {
			isa = XCBuildConfiguration;
			baseConfigurationReference = 1B1ADFDB2BFAD1DEA57ED0AE /* Pods-Swift+Alamofire.debug.xcconfig */;
			buildSettings = {
				ASSETCATALOG_COMPILER_APPICON_NAME = AppIcon;
				INFOPLIST_FILE = "Swift+Alamofire/Info.plist";
				LD_RUNPATH_SEARCH_PATHS = "$(inherited) @executable_path/Frameworks";
				PRODUCT_BUNDLE_IDENTIFIER = "v2.com.Swift-Alamofire";
				PRODUCT_NAME = "$(TARGET_NAME)";
				SWIFT_VERSION = 3.0;
			};
			name = Debug;
		};
		745B749D1FD092C500AD412C /* Release */ = {
			isa = XCBuildConfiguration;
			baseConfigurationReference = 4F921E76563E41DBE7F813BF /* Pods-Swift+Alamofire.release.xcconfig */;
			buildSettings = {
				ASSETCATALOG_COMPILER_APPICON_NAME = AppIcon;
				INFOPLIST_FILE = "Swift+Alamofire/Info.plist";
				LD_RUNPATH_SEARCH_PATHS = "$(inherited) @executable_path/Frameworks";
				PRODUCT_BUNDLE_IDENTIFIER = "v2.com.Swift-Alamofire";
				PRODUCT_NAME = "$(TARGET_NAME)";
				SWIFT_VERSION = 3.0;
			};
			name = Release;
		};
		745B749F1FD092C500AD412C /* Debug */ = {
			isa = XCBuildConfiguration;
			buildSettings = {
				ALWAYS_EMBED_SWIFT_STANDARD_LIBRARIES = YES;
				BUNDLE_LOADER = "$(TEST_HOST)";
				INFOPLIST_FILE = "Swift+AlamofireTests/Info.plist";
				LD_RUNPATH_SEARCH_PATHS = "$(inherited) @executable_path/Frameworks @loader_path/Frameworks";
				PRODUCT_BUNDLE_IDENTIFIER = "v2.com.Swift-AlamofireTests";
				PRODUCT_NAME = "$(TARGET_NAME)";
				SWIFT_VERSION = 3.0;
				TEST_HOST = "$(BUILT_PRODUCTS_DIR)/Swift+Alamofire.app/Swift+Alamofire";
			};
			name = Debug;
		};
		745B74A01FD092C500AD412C /* Release */ = {
			isa = XCBuildConfiguration;
			buildSettings = {
				ALWAYS_EMBED_SWIFT_STANDARD_LIBRARIES = YES;
				BUNDLE_LOADER = "$(TEST_HOST)";
				INFOPLIST_FILE = "Swift+AlamofireTests/Info.plist";
				LD_RUNPATH_SEARCH_PATHS = "$(inherited) @executable_path/Frameworks @loader_path/Frameworks";
				PRODUCT_BUNDLE_IDENTIFIER = "v2.com.Swift-AlamofireTests";
				PRODUCT_NAME = "$(TARGET_NAME)";
				SWIFT_VERSION = 3.0;
				TEST_HOST = "$(BUILT_PRODUCTS_DIR)/Swift+Alamofire.app/Swift+Alamofire";
			};
			name = Release;
		};
		745B74A21FD092C500AD412C /* Debug */ = {
			isa = XCBuildConfiguration;
			buildSettings = {
				ALWAYS_EMBED_SWIFT_STANDARD_LIBRARIES = YES;
				INFOPLIST_FILE = "Swift+AlamofireUITests/Info.plist";
				LD_RUNPATH_SEARCH_PATHS = "$(inherited) @executable_path/Frameworks @loader_path/Frameworks";
				PRODUCT_BUNDLE_IDENTIFIER = "v2.com.Swift-AlamofireUITests";
				PRODUCT_NAME = "$(TARGET_NAME)";
				SWIFT_VERSION = 3.0;
				TEST_TARGET_NAME = "Swift+Alamofire";
			};
			name = Debug;
		};
		745B74A31FD092C500AD412C /* Release */ = {
			isa = XCBuildConfiguration;
			buildSettings = {
				ALWAYS_EMBED_SWIFT_STANDARD_LIBRARIES = YES;
				INFOPLIST_FILE = "Swift+AlamofireUITests/Info.plist";
				LD_RUNPATH_SEARCH_PATHS = "$(inherited) @executable_path/Frameworks @loader_path/Frameworks";
				PRODUCT_BUNDLE_IDENTIFIER = "v2.com.Swift-AlamofireUITests";
				PRODUCT_NAME = "$(TARGET_NAME)";
				SWIFT_VERSION = 3.0;
				TEST_TARGET_NAME = "Swift+Alamofire";
			};
			name = Release;
		};
/* End XCBuildConfiguration section */

/* Begin XCConfigurationList section */
		745B746E1FD092C400AD412C /* Build configuration list for PBXProject "Swift+Alamofire" */ = {
			isa = XCConfigurationList;
			buildConfigurations = (
				745B74991FD092C500AD412C /* Debug */,
				745B749A1FD092C500AD412C /* Release */,
			);
			defaultConfigurationIsVisible = 0;
			defaultConfigurationName = Release;
		};
		745B749B1FD092C500AD412C /* Build configuration list for PBXNativeTarget "Swift+Alamofire" */ = {
			isa = XCConfigurationList;
			buildConfigurations = (
				745B749C1FD092C500AD412C /* Debug */,
				745B749D1FD092C500AD412C /* Release */,
			);
			defaultConfigurationIsVisible = 0;
		};
		745B749E1FD092C500AD412C /* Build configuration list for PBXNativeTarget "Swift+AlamofireTests" */ = {
			isa = XCConfigurationList;
			buildConfigurations = (
				745B749F1FD092C500AD412C /* Debug */,
				745B74A01FD092C500AD412C /* Release */,
			);
			defaultConfigurationIsVisible = 0;
		};
		745B74A11FD092C500AD412C /* Build configuration list for PBXNativeTarget "Swift+AlamofireUITests" */ = {
			isa = XCConfigurationList;
			buildConfigurations = (
				745B74A21FD092C500AD412C /* Debug */,
				745B74A31FD092C500AD412C /* Release */,
			);
			defaultConfigurationIsVisible = 0;
		};
/* End XCConfigurationList section */
	};
	rootObject = 745B746B1FD092C400AD412C /* Project object */;
}
